{
    "_meta": {
        "hash": {
            "sha256": "613c7f94e0b6237d563be8b9d94862b05b8eaf0ae7192386818dbd55008ae0d7"
        },
        "pipfile-spec": 6,
        "requires": {
            "python_version": "3.13"
        },
        "sources": [
            {
                "name": "pypi",
                "url": "https://pypi.org/simple",
                "verify_ssl": true
            }
        ]
    },
    "default": {
        "maturin": {
            "hashes": [
                "sha256:08dc86312afee55af778af919818632e35d8d0464ccd79cb86700d9ea560ccd7",
                "sha256:1bb2aa0fa29032e9c5aac03ac400396ddea12cadef242f8967e9c8ef715313a1",
                "sha256:235163a0c99bc6f380fb8786c04fd14dcf6cd622ff295ea3de525015e6ac40cf",
                "sha256:273f879214f63f79bfe851cd7d541f8150bdbfae5dfdc3c0c4d125d02d1f41b4",
                "sha256:368e958468431dfeec80f75eea9639b4356d8c42428b0128444424b083fecfb0",
                "sha256:4227d627d8e3bfe45877a8d65e9d8351a9d01434549f0da75d2c06a1b570de58",
                "sha256:68b7b833b25741c0f553b78e8b9e095b31ae7c6611533b3c7b71f84c2cb8fc44",
                "sha256:6ff37578e3f5fdbe685110d45f60af1f5a7dfce70a1e26dfe3810af66853ecae",
                "sha256:7a6f980a9b67a5c13c844c268eabd855b54a6a765df4b4bb07d15a990572a4c9",
                "sha256:8e450bb2c9afdf38a0059ee2e1ec2b17323f152b59c16f33eb9c74edaf1f9f79",
                "sha256:a0868d52934c8a5d1411b42367633fdb5cd5515bec47a534192282167448ec30",
                "sha256:ed2e54d132ace7e61829bd49709331007dd9a2cc78937f598aa76a4f69b6804d",
                "sha256:ef20ffdd943078c4c3699c29fb2ed722bb6b4419efdade6642d1dbf248f94a70",
                "sha256:f3837bb53611b2dafa1c090436c330f2d743ba305ef00d8801a371f4495e7e1b"
            ],
            "index": "pypi",
            "markers": "python_version >= '3.7'",
            "version": "==1.9.4"
        }
    },
    "develop": {}
}
